{
  "version": 4,
  "terraform_version": "0.12.26",
  "serial": 11,
  "lineage": "99b1c2f8-644a-3701-885d-b44d6fd8a1cc",
  "outputs": {},
  "resources": [
    {
      "mode": "data",
      "type": "template_file",
      "name": "init",
      "provider": "provider.template",
      "instances": [
        {
          "schema_version": 0,
          "attributes": {
            "filename": null,
            "id": "5ecea40af2b0eb89e6e6c78d27dcd57041c532bf6a2d2f30ec5906801cbf334e",
            "rendered": "#! /bin/bash\n\nsudo mkdir /mytemp\nsudo touch /mytemp/myfile.txt\nsudo echo   $(tags.value) \u003e\u003e   /mytemp/myfile.txt",
            "template": "#! /bin/bash\n\nsudo mkdir /mytemp\nsudo touch /mytemp/myfile.txt\nsudo echo   $(tags.value) \u003e\u003e   /mytemp/myfile.txt",
            "vars": null
          }
        }
      ]
    },
    {
      "mode": "managed",
      "type": "aws_instance",
      "name": "check3",
      "provider": "provider.aws",
      "instances": [
        {
          "schema_version": 1,
          "attributes": {
            "ami": "ami-08f63db601b82ff5f",
            "arn": "arn:aws:ec2:ap-south-1:756033365011:instance/i-032358e04246fc16e",
            "associate_public_ip_address": true,
            "availability_zone": "ap-south-1a",
            "cpu_core_count": 1,
            "cpu_threads_per_core": 1,
            "credit_specification": [
              {
                "cpu_credits": "standard"
              }
            ],
            "disable_api_termination": false,
            "ebs_block_device": [],
            "ebs_optimized": false,
            "ephemeral_block_device": [],
            "get_password_data": false,
            "hibernation": false,
            "host_id": null,
            "iam_instance_profile": "",
            "id": "i-032358e04246fc16e",
            "instance_initiated_shutdown_behavior": null,
            "instance_state": "running",
            "instance_type": "t2.micro",
            "ipv6_address_count": 0,
            "ipv6_addresses": [],
            "key_name": "myfirstkey",
            "metadata_options": [
              {
                "http_endpoint": "enabled",
                "http_put_response_hop_limit": 1,
                "http_tokens": "optional"
              }
            ],
            "monitoring": false,
            "network_interface": [],
            "outpost_arn": "",
            "password_data": "",
            "placement_group": "",
            "primary_network_interface_id": "eni-06ae7f0947851c186",
            "private_dns": "ip-10-0-0-221.ap-south-1.compute.internal",
            "private_ip": "10.0.0.221",
            "public_dns": "",
            "public_ip": "13.126.128.200",
            "root_block_device": [
              {
                "delete_on_termination": true,
                "device_name": "/dev/xvda",
                "encrypted": false,
                "iops": 100,
                "kms_key_id": "",
                "volume_id": "vol-09869df4ba1c97ca5",
                "volume_size": 8,
                "volume_type": "gp2"
              }
            ],
            "secondary_private_ips": [],
            "security_groups": [],
            "source_dest_check": true,
            "subnet_id": "subnet-05a9ffd7b7df35128",
            "tags": {
              "Name": "fortemp"
            },
            "tenancy": "default",
            "timeouts": null,
            "user_data": "fbd0cc91a48c4168be26f9552faaf5aeaf7b6719",
            "user_data_base64": null,
            "volume_tags": {},
            "vpc_security_group_ids": [
              "sg-0a9a58eac5192228f"
            ]
          },
          "private": "eyJlMmJmYjczMC1lY2FhLTExZTYtOGY4OC0zNDM2M2JjN2M0YzAiOnsiY3JlYXRlIjo2MDAwMDAwMDAwMDAsImRlbGV0ZSI6MTIwMDAwMDAwMDAwMCwidXBkYXRlIjo2MDAwMDAwMDAwMDB9LCJzY2hlbWFfdmVyc2lvbiI6IjEifQ=="
        }
      ]
    }
  ]
}
