{
  "version": 4,
  "terraform_version": "0.13.2",
  "serial": 122,
  "lineage": "46087883-76cf-8028-7840-87c7cb262ca4",
  "outputs": {},
  "resources": [
    {
      "mode": "managed",
      "type": "azurerm_lb",
      "name": "az_lb",
      "provider": "provider[\"registry.terraform.io/hashicorp/azurerm\"]",
      "instances": [
        {
          "schema_version": 0,
          "attributes": {
            "frontend_ip_configuration": [
              {
                "id": "/subscriptions/e2ec2d4e-c0d0-457b-bfbb-3febb2e40e33/resourceGroups/Sanjay-Demo001-RG/providers/Microsoft.Network/loadBalancers/Sanjay-Demo001-LB/frontendIPConfigurations/Sanjay-Demo001-LB-Frontend",
                "inbound_nat_rules": [],
                "load_balancer_rules": [],
                "name": "Sanjay-Demo001-LB-Frontend",
                "outbound_rules": [],
                "private_ip_address": "",
                "private_ip_address_allocation": "Dynamic",
                "private_ip_address_version": "IPv4",
                "public_ip_address_id": "/subscriptions/e2ec2d4e-c0d0-457b-bfbb-3febb2e40e33/resourceGroups/Sanjay-Demo001-RG/providers/Microsoft.Network/publicIPAddresses/Sanjay-Demo001-Public-ip",
                "public_ip_prefix_id": "",
                "subnet_id": "",
                "zones": null
              }
            ],
            "id": "/subscriptions/e2ec2d4e-c0d0-457b-bfbb-3febb2e40e33/resourceGroups/Sanjay-Demo001-RG/providers/Microsoft.Network/loadBalancers/Sanjay-Demo001-LB",
            "location": "southindia",
            "name": "Sanjay-Demo001-LB",
            "private_ip_address": "",
            "private_ip_addresses": [],
            "resource_group_name": "Sanjay-Demo001-RG",
            "sku": "Standard",
            "tags": null,
            "timeouts": null
          },
          "private": "eyJlMmJmYjczMC1lY2FhLTExZTYtOGY4OC0zNDM2M2JjN2M0YzAiOnsiY3JlYXRlIjoxODAwMDAwMDAwMDAwLCJkZWxldGUiOjE4MDAwMDAwMDAwMDAsInJlYWQiOjMwMDAwMDAwMDAwMCwidXBkYXRlIjoxODAwMDAwMDAwMDAwfX0=",
          "dependencies": [
            "azurerm_public_ip.az_ip",
            "azurerm_resource_group.az_rg"
          ]
        }
      ]
    },
    {
      "mode": "managed",
      "type": "azurerm_lb_backend_address_pool",
      "name": "az_backend_pool",
      "provider": "provider[\"registry.terraform.io/hashicorp/azurerm\"]",
      "instances": [
        {
          "schema_version": 0,
          "attributes": {
            "backend_address": [],
            "backend_ip_configurations": [],
            "id": "/subscriptions/e2ec2d4e-c0d0-457b-bfbb-3febb2e40e33/resourceGroups/Sanjay-Demo001-RG/providers/Microsoft.Network/loadBalancers/Sanjay-Demo001-LB/backendAddressPools/Sanjay-Demo001-LB-Backend-Pool",
            "load_balancing_rules": [],
            "loadbalancer_id": "/subscriptions/e2ec2d4e-c0d0-457b-bfbb-3febb2e40e33/resourceGroups/Sanjay-Demo001-RG/providers/Microsoft.Network/loadBalancers/Sanjay-Demo001-LB",
            "name": "Sanjay-Demo001-LB-Backend-Pool",
            "outbound_rules": [],
            "resource_group_name": "Sanjay-Demo001-RG",
            "timeouts": null
          },
          "private": "eyJlMmJmYjczMC1lY2FhLTExZTYtOGY4OC0zNDM2M2JjN2M0YzAiOnsiY3JlYXRlIjoxODAwMDAwMDAwMDAwLCJkZWxldGUiOjE4MDAwMDAwMDAwMDAsInJlYWQiOjMwMDAwMDAwMDAwMCwidXBkYXRlIjoxODAwMDAwMDAwMDAwfX0=",
          "dependencies": [
            "azurerm_lb.az_lb",
            "azurerm_public_ip.az_ip",
            "azurerm_resource_group.az_rg"
          ]
        }
      ]
    },
    {
      "mode": "managed",
      "type": "azurerm_lb_probe",
      "name": "az_lb_probe",
      "provider": "provider[\"registry.terraform.io/hashicorp/azurerm\"]",
      "instances": [
        {
          "schema_version": 0,
          "attributes": {
            "id": "/subscriptions/e2ec2d4e-c0d0-457b-bfbb-3febb2e40e33/resourceGroups/Sanjay-Demo001-RG/providers/Microsoft.Network/loadBalancers/Sanjay-Demo001-LB/probes/http-probe",
            "interval_in_seconds": 5,
            "load_balancer_rules": [],
            "loadbalancer_id": "/subscriptions/e2ec2d4e-c0d0-457b-bfbb-3febb2e40e33/resourceGroups/Sanjay-Demo001-RG/providers/Microsoft.Network/loadBalancers/Sanjay-Demo001-LB",
            "name": "http-probe",
            "number_of_probes": 2,
            "port": 80,
            "protocol": "Tcp",
            "request_path": "",
            "resource_group_name": "Sanjay-Demo001-RG",
            "timeouts": null
          },
          "private": "eyJlMmJmYjczMC1lY2FhLTExZTYtOGY4OC0zNDM2M2JjN2M0YzAiOnsiY3JlYXRlIjoxODAwMDAwMDAwMDAwLCJkZWxldGUiOjE4MDAwMDAwMDAwMDAsInJlYWQiOjMwMDAwMDAwMDAwMCwidXBkYXRlIjoxODAwMDAwMDAwMDAwfX0=",
          "dependencies": [
            "azurerm_lb.az_lb",
            "azurerm_public_ip.az_ip",
            "azurerm_resource_group.az_rg"
          ]
        }
      ]
    },
    {
      "mode": "managed",
      "type": "azurerm_lb_rule",
      "name": "example",
      "provider": "provider[\"registry.terraform.io/hashicorp/azurerm\"]",
      "instances": [
        {
          "schema_version": 0,
          "attributes": {
            "backend_address_pool_id": "/subscriptions/e2ec2d4e-c0d0-457b-bfbb-3febb2e40e33/resourceGroups/Sanjay-Demo001-RG/providers/Microsoft.Network/loadBalancers/Sanjay-Demo001-LB/backendAddressPools/Sanjay-Demo001-LB-Backend-Pool",
            "backend_port": 80,
            "disable_outbound_snat": false,
            "enable_floating_ip": false,
            "enable_tcp_reset": false,
            "frontend_ip_configuration_id": "/subscriptions/e2ec2d4e-c0d0-457b-bfbb-3febb2e40e33/resourceGroups/Sanjay-Demo001-RG/providers/Microsoft.Network/loadBalancers/Sanjay-Demo001-LB/frontendIPConfigurations/Sanjay-Demo001-LB-Frontend",
            "frontend_ip_configuration_name": "Sanjay-Demo001-LB-Frontend",
            "frontend_port": 80,
            "id": "/subscriptions/e2ec2d4e-c0d0-457b-bfbb-3febb2e40e33/resourceGroups/Sanjay-Demo001-RG/providers/Microsoft.Network/loadBalancers/Sanjay-Demo001-LB/loadBalancingRules/LBRuleforhttp",
            "idle_timeout_in_minutes": 5,
            "load_distribution": "Default",
            "loadbalancer_id": "/subscriptions/e2ec2d4e-c0d0-457b-bfbb-3febb2e40e33/resourceGroups/Sanjay-Demo001-RG/providers/Microsoft.Network/loadBalancers/Sanjay-Demo001-LB",
            "name": "LBRuleforhttp",
            "probe_id": "/subscriptions/e2ec2d4e-c0d0-457b-bfbb-3febb2e40e33/resourceGroups/Sanjay-Demo001-RG/providers/Microsoft.Network/loadBalancers/Sanjay-Demo001-LB/probes/http-probe",
            "protocol": "Tcp",
            "resource_group_name": "Sanjay-Demo001-RG",
            "timeouts": null
          },
          "private": "eyJlMmJmYjczMC1lY2FhLTExZTYtOGY4OC0zNDM2M2JjN2M0YzAiOnsiY3JlYXRlIjoxODAwMDAwMDAwMDAwLCJkZWxldGUiOjE4MDAwMDAwMDAwMDAsInJlYWQiOjMwMDAwMDAwMDAwMCwidXBkYXRlIjoxODAwMDAwMDAwMDAwfX0=",
          "dependencies": [
            "azurerm_lb.az_lb",
            "azurerm_lb_backend_address_pool.az_backend_pool",
            "azurerm_lb_probe.az_lb_probe",
            "azurerm_public_ip.az_ip",
            "azurerm_resource_group.az_rg"
          ]
        }
      ]
    },
    {
      "mode": "managed",
      "type": "azurerm_linux_virtual_machine",
      "name": "az_vm",
      "provider": "provider[\"registry.terraform.io/hashicorp/azurerm\"]",
      "instances": [
        {
          "index_key": 0,
          "schema_version": 0,
          "attributes": {
            "additional_capabilities": [],
            "admin_password": "password!9",
            "admin_ssh_key": [],
            "admin_username": "sanjay",
            "allow_extension_operations": true,
            "availability_set_id": "",
            "boot_diagnostics": [],
            "computer_name": "Sanjay-Computer",
            "custom_data": "IyEvYmluL2Jhc2gKc3VkbyBhcHQtZ2V0IHVwZGF0ZSAteQpzdWRvIGFwdC1nZXQgaW5zdGFsbCBhcGFjaGUyIC15Cg==",
            "dedicated_host_id": "",
            "disable_password_authentication": false,
            "encryption_at_host_enabled": false,
            "eviction_policy": "",
            "extensions_time_budget": "PT1H30M",
            "id": "/subscriptions/e2ec2d4e-c0d0-457b-bfbb-3febb2e40e33/resourceGroups/Sanjay-Demo001-RG/providers/Microsoft.Compute/virtualMachines/Sanjay-Demo001-Linux-vm-0",
            "identity": [],
            "license_type": "",
            "location": "southindia",
            "max_bid_price": -1,
            "name": "Sanjay-Demo001-Linux-vm-0",
            "network_interface_ids": [
              "/subscriptions/e2ec2d4e-c0d0-457b-bfbb-3febb2e40e33/resourceGroups/Sanjay-Demo001-RG/providers/Microsoft.Network/networkInterfaces/Sanjay-Demo001-Nic-0"
            ],
            "os_disk": [
              {
                "caching": "ReadWrite",
                "diff_disk_settings": [],
                "disk_encryption_set_id": "",
                "disk_size_gb": 30,
                "name": "myOsDisk-0",
                "storage_account_type": "Standard_LRS",
                "write_accelerator_enabled": false
              }
            ],
            "plan": [],
            "platform_fault_domain": -1,
            "priority": "Regular",
            "private_ip_address": "10.0.0.4",
            "private_ip_addresses": [
              "10.0.0.4"
            ],
            "provision_vm_agent": true,
            "proximity_placement_group_id": "",
            "public_ip_address": "",
            "public_ip_addresses": [],
            "resource_group_name": "Sanjay-Demo001-RG",
            "secret": [],
            "size": "Standard_DS1_v2",
            "source_image_id": "",
            "source_image_reference": [
              {
                "offer": "UbuntuServer",
                "publisher": "Canonical",
                "sku": "18.04-LTS",
                "version": "latest"
              }
            ],
            "tags": null,
            "timeouts": null,
            "virtual_machine_id": "facf415a-e70d-4300-b9f6-d78c6e3243c8",
            "virtual_machine_scale_set_id": "",
            "zone": ""
          },
          "private": "eyJlMmJmYjczMC1lY2FhLTExZTYtOGY4OC0zNDM2M2JjN2M0YzAiOnsiY3JlYXRlIjoyNzAwMDAwMDAwMDAwLCJkZWxldGUiOjI3MDAwMDAwMDAwMDAsInJlYWQiOjMwMDAwMDAwMDAwMCwidXBkYXRlIjoyNzAwMDAwMDAwMDAwfX0=",
          "dependencies": [
            "azurerm_network_interface.az_nic",
            "azurerm_resource_group.az_rg",
            "azurerm_subnet.az_subnet",
            "azurerm_virtual_network.az_vnet"
          ]
        },
        {
          "index_key": 1,
          "schema_version": 0,
          "attributes": {
            "additional_capabilities": [],
            "admin_password": "password!9",
            "admin_ssh_key": [],
            "admin_username": "sanjay",
            "allow_extension_operations": true,
            "availability_set_id": "",
            "boot_diagnostics": [],
            "computer_name": "Sanjay-Computer",
            "custom_data": "IyEvYmluL2Jhc2gKc3VkbyBhcHQtZ2V0IHVwZGF0ZSAteQpzdWRvIGFwdC1nZXQgaW5zdGFsbCBuZ2lueCAteQo=",
            "dedicated_host_id": "",
            "disable_password_authentication": false,
            "encryption_at_host_enabled": false,
            "eviction_policy": "",
            "extensions_time_budget": "PT1H30M",
            "id": "/subscriptions/e2ec2d4e-c0d0-457b-bfbb-3febb2e40e33/resourceGroups/Sanjay-Demo001-RG/providers/Microsoft.Compute/virtualMachines/Sanjay-Demo001-Linux-vm-1",
            "identity": [],
            "license_type": "",
            "location": "southindia",
            "max_bid_price": -1,
            "name": "Sanjay-Demo001-Linux-vm-1",
            "network_interface_ids": [
              "/subscriptions/e2ec2d4e-c0d0-457b-bfbb-3febb2e40e33/resourceGroups/Sanjay-Demo001-RG/providers/Microsoft.Network/networkInterfaces/Sanjay-Demo001-Nic-1"
            ],
            "os_disk": [
              {
                "caching": "ReadWrite",
                "diff_disk_settings": [],
                "disk_encryption_set_id": "",
                "disk_size_gb": 30,
                "name": "myOsDisk-1",
                "storage_account_type": "Standard_LRS",
                "write_accelerator_enabled": false
              }
            ],
            "plan": [],
            "platform_fault_domain": -1,
            "priority": "Regular",
            "private_ip_address": "10.0.0.5",
            "private_ip_addresses": [
              "10.0.0.5"
            ],
            "provision_vm_agent": true,
            "proximity_placement_group_id": "",
            "public_ip_address": "",
            "public_ip_addresses": [],
            "resource_group_name": "Sanjay-Demo001-RG",
            "secret": [],
            "size": "Standard_DS1_v2",
            "source_image_id": "",
            "source_image_reference": [
              {
                "offer": "UbuntuServer",
                "publisher": "Canonical",
                "sku": "18.04-LTS",
                "version": "latest"
              }
            ],
            "tags": null,
            "timeouts": null,
            "virtual_machine_id": "c521f6f2-082d-4e98-9f11-e283a43f7e17",
            "virtual_machine_scale_set_id": "",
            "zone": ""
          },
          "private": "eyJlMmJmYjczMC1lY2FhLTExZTYtOGY4OC0zNDM2M2JjN2M0YzAiOnsiY3JlYXRlIjoyNzAwMDAwMDAwMDAwLCJkZWxldGUiOjI3MDAwMDAwMDAwMDAsInJlYWQiOjMwMDAwMDAwMDAwMCwidXBkYXRlIjoyNzAwMDAwMDAwMDAwfX0=",
          "dependencies": [
            "azurerm_network_interface.az_nic",
            "azurerm_resource_group.az_rg",
            "azurerm_subnet.az_subnet",
            "azurerm_virtual_network.az_vnet"
          ]
        }
      ]
    },
    {
      "mode": "managed",
      "type": "azurerm_network_interface",
      "name": "az_nic",
      "provider": "provider[\"registry.terraform.io/hashicorp/azurerm\"]",
      "instances": [
        {
          "index_key": 0,
          "schema_version": 0,
          "attributes": {
            "applied_dns_servers": [],
            "dns_servers": [],
            "enable_accelerated_networking": false,
            "enable_ip_forwarding": false,
            "id": "/subscriptions/e2ec2d4e-c0d0-457b-bfbb-3febb2e40e33/resourceGroups/Sanjay-Demo001-RG/providers/Microsoft.Network/networkInterfaces/Sanjay-Demo001-Nic-0",
            "internal_dns_name_label": "",
            "internal_domain_name_suffix": "1zz1t1ygheeule5mufhe0bau3a.tx.internal.cloudapp.net",
            "ip_configuration": [
              {
                "name": "Sanjay-Demo001-Ip-config",
                "primary": true,
                "private_ip_address": "10.0.0.4",
                "private_ip_address_allocation": "Dynamic",
                "private_ip_address_version": "IPv4",
                "public_ip_address_id": "",
                "subnet_id": "/subscriptions/e2ec2d4e-c0d0-457b-bfbb-3febb2e40e33/resourceGroups/Sanjay-Demo001-RG/providers/Microsoft.Network/virtualNetworks/Sanjay-Demo001-Vnet/subnets/Sanjay-Demo001-Subnet"
              }
            ],
            "location": "southindia",
            "mac_address": "",
            "name": "Sanjay-Demo001-Nic-0",
            "private_ip_address": "10.0.0.4",
            "private_ip_addresses": [
              "10.0.0.4"
            ],
            "resource_group_name": "Sanjay-Demo001-RG",
            "tags": {
              "environment": "Test"
            },
            "timeouts": null,
            "virtual_machine_id": ""
          },
          "private": "eyJlMmJmYjczMC1lY2FhLTExZTYtOGY4OC0zNDM2M2JjN2M0YzAiOnsiY3JlYXRlIjoxODAwMDAwMDAwMDAwLCJkZWxldGUiOjE4MDAwMDAwMDAwMDAsInJlYWQiOjMwMDAwMDAwMDAwMCwidXBkYXRlIjoxODAwMDAwMDAwMDAwfX0=",
          "dependencies": [
            "azurerm_resource_group.az_rg",
            "azurerm_subnet.az_subnet",
            "azurerm_virtual_network.az_vnet"
          ]
        },
        {
          "index_key": 1,
          "schema_version": 0,
          "attributes": {
            "applied_dns_servers": [],
            "dns_servers": [],
            "enable_accelerated_networking": false,
            "enable_ip_forwarding": false,
            "id": "/subscriptions/e2ec2d4e-c0d0-457b-bfbb-3febb2e40e33/resourceGroups/Sanjay-Demo001-RG/providers/Microsoft.Network/networkInterfaces/Sanjay-Demo001-Nic-1",
            "internal_dns_name_label": "",
            "internal_domain_name_suffix": "1zz1t1ygheeule5mufhe0bau3a.tx.internal.cloudapp.net",
            "ip_configuration": [
              {
                "name": "Sanjay-Demo001-Ip-config",
                "primary": true,
                "private_ip_address": "10.0.0.5",
                "private_ip_address_allocation": "Dynamic",
                "private_ip_address_version": "IPv4",
                "public_ip_address_id": "",
                "subnet_id": "/subscriptions/e2ec2d4e-c0d0-457b-bfbb-3febb2e40e33/resourceGroups/Sanjay-Demo001-RG/providers/Microsoft.Network/virtualNetworks/Sanjay-Demo001-Vnet/subnets/Sanjay-Demo001-Subnet"
              }
            ],
            "location": "southindia",
            "mac_address": "",
            "name": "Sanjay-Demo001-Nic-1",
            "private_ip_address": "10.0.0.5",
            "private_ip_addresses": [
              "10.0.0.5"
            ],
            "resource_group_name": "Sanjay-Demo001-RG",
            "tags": {
              "environment": "Test"
            },
            "timeouts": null,
            "virtual_machine_id": ""
          },
          "private": "eyJlMmJmYjczMC1lY2FhLTExZTYtOGY4OC0zNDM2M2JjN2M0YzAiOnsiY3JlYXRlIjoxODAwMDAwMDAwMDAwLCJkZWxldGUiOjE4MDAwMDAwMDAwMDAsInJlYWQiOjMwMDAwMDAwMDAwMCwidXBkYXRlIjoxODAwMDAwMDAwMDAwfX0=",
          "dependencies": [
            "azurerm_resource_group.az_rg",
            "azurerm_subnet.az_subnet",
            "azurerm_virtual_network.az_vnet"
          ]
        }
      ]
    },
    {
      "mode": "managed",
      "type": "azurerm_network_interface_security_group_association",
      "name": "az_association",
      "provider": "provider[\"registry.terraform.io/hashicorp/azurerm\"]",
      "instances": [
        {
          "index_key": 0,
          "schema_version": 0,
          "attributes": {
            "id": "/subscriptions/e2ec2d4e-c0d0-457b-bfbb-3febb2e40e33/resourceGroups/Sanjay-Demo001-RG/providers/Microsoft.Network/networkInterfaces/Sanjay-Demo001-Nic-0|/subscriptions/e2ec2d4e-c0d0-457b-bfbb-3febb2e40e33/resourceGroups/Sanjay-Demo001-RG/providers/Microsoft.Network/networkSecurityGroups/Sanjay-Demo001-Nsg",
            "network_interface_id": "/subscriptions/e2ec2d4e-c0d0-457b-bfbb-3febb2e40e33/resourceGroups/Sanjay-Demo001-RG/providers/Microsoft.Network/networkInterfaces/Sanjay-Demo001-Nic-0",
            "network_security_group_id": "/subscriptions/e2ec2d4e-c0d0-457b-bfbb-3febb2e40e33/resourceGroups/Sanjay-Demo001-RG/providers/Microsoft.Network/networkSecurityGroups/Sanjay-Demo001-Nsg",
            "timeouts": null
          },
          "private": "eyJlMmJmYjczMC1lY2FhLTExZTYtOGY4OC0zNDM2M2JjN2M0YzAiOnsiY3JlYXRlIjoxODAwMDAwMDAwMDAwLCJkZWxldGUiOjE4MDAwMDAwMDAwMDAsInJlYWQiOjMwMDAwMDAwMDAwMCwidXBkYXRlIjoxODAwMDAwMDAwMDAwfX0=",
          "dependencies": [
            "azurerm_network_interface.az_nic",
            "azurerm_network_security_group.az_nsg",
            "azurerm_resource_group.az_rg",
            "azurerm_subnet.az_subnet",
            "azurerm_virtual_network.az_vnet"
          ]
        },
        {
          "index_key": 1,
          "schema_version": 0,
          "attributes": {
            "id": "/subscriptions/e2ec2d4e-c0d0-457b-bfbb-3febb2e40e33/resourceGroups/Sanjay-Demo001-RG/providers/Microsoft.Network/networkInterfaces/Sanjay-Demo001-Nic-1|/subscriptions/e2ec2d4e-c0d0-457b-bfbb-3febb2e40e33/resourceGroups/Sanjay-Demo001-RG/providers/Microsoft.Network/networkSecurityGroups/Sanjay-Demo001-Nsg",
            "network_interface_id": "/subscriptions/e2ec2d4e-c0d0-457b-bfbb-3febb2e40e33/resourceGroups/Sanjay-Demo001-RG/providers/Microsoft.Network/networkInterfaces/Sanjay-Demo001-Nic-1",
            "network_security_group_id": "/subscriptions/e2ec2d4e-c0d0-457b-bfbb-3febb2e40e33/resourceGroups/Sanjay-Demo001-RG/providers/Microsoft.Network/networkSecurityGroups/Sanjay-Demo001-Nsg",
            "timeouts": null
          },
          "private": "eyJlMmJmYjczMC1lY2FhLTExZTYtOGY4OC0zNDM2M2JjN2M0YzAiOnsiY3JlYXRlIjoxODAwMDAwMDAwMDAwLCJkZWxldGUiOjE4MDAwMDAwMDAwMDAsInJlYWQiOjMwMDAwMDAwMDAwMCwidXBkYXRlIjoxODAwMDAwMDAwMDAwfX0=",
          "dependencies": [
            "azurerm_network_interface.az_nic",
            "azurerm_network_security_group.az_nsg",
            "azurerm_resource_group.az_rg",
            "azurerm_subnet.az_subnet",
            "azurerm_virtual_network.az_vnet"
          ]
        }
      ]
    },
    {
      "mode": "managed",
      "type": "azurerm_network_security_group",
      "name": "az_nsg",
      "provider": "provider[\"registry.terraform.io/hashicorp/azurerm\"]",
      "instances": [
        {
          "schema_version": 0,
          "attributes": {
            "id": "/subscriptions/e2ec2d4e-c0d0-457b-bfbb-3febb2e40e33/resourceGroups/Sanjay-Demo001-RG/providers/Microsoft.Network/networkSecurityGroups/Sanjay-Demo001-Nsg",
            "location": "southindia",
            "name": "Sanjay-Demo001-Nsg",
            "resource_group_name": "Sanjay-Demo001-RG",
            "security_rule": [
              {
                "access": "Allow",
                "description": "",
                "destination_address_prefix": "*",
                "destination_address_prefixes": [],
                "destination_application_security_group_ids": [],
                "destination_port_range": "*",
                "destination_port_ranges": [],
                "direction": "Inbound",
                "name": "For_ICMP",
                "priority": 110,
                "protocol": "ICMP",
                "source_address_prefix": "*",
                "source_address_prefixes": [],
                "source_application_security_group_ids": [],
                "source_port_range": "*",
                "source_port_ranges": []
              },
              {
                "access": "Allow",
                "description": "",
                "destination_address_prefix": "*",
                "destination_address_prefixes": [],
                "destination_application_security_group_ids": [],
                "destination_port_range": "22",
                "destination_port_ranges": [],
                "direction": "Inbound",
                "name": "For_SSH",
                "priority": 100,
                "protocol": "TCP",
                "source_address_prefix": "*",
                "source_address_prefixes": [],
                "source_application_security_group_ids": [],
                "source_port_range": "*",
                "source_port_ranges": []
              },
              {
                "access": "Allow",
                "description": "",
                "destination_address_prefix": "*",
                "destination_address_prefixes": [],
                "destination_application_security_group_ids": [],
                "destination_port_range": "80",
                "destination_port_ranges": [],
                "direction": "Inbound",
                "name": "For_HTTP",
                "priority": 120,
                "protocol": "TCP",
                "source_address_prefix": "*",
                "source_address_prefixes": [],
                "source_application_security_group_ids": [],
                "source_port_range": "*",
                "source_port_ranges": []
              }
            ],
            "tags": null,
            "timeouts": null
          },
          "private": "eyJlMmJmYjczMC1lY2FhLTExZTYtOGY4OC0zNDM2M2JjN2M0YzAiOnsiY3JlYXRlIjoxODAwMDAwMDAwMDAwLCJkZWxldGUiOjE4MDAwMDAwMDAwMDAsInJlYWQiOjMwMDAwMDAwMDAwMCwidXBkYXRlIjoxODAwMDAwMDAwMDAwfX0=",
          "dependencies": [
            "azurerm_resource_group.az_rg"
          ]
        }
      ]
    },
    {
      "mode": "managed",
      "type": "azurerm_public_ip",
      "name": "az_ip",
      "provider": "provider[\"registry.terraform.io/hashicorp/azurerm\"]",
      "instances": [
        {
          "schema_version": 0,
          "attributes": {
            "allocation_method": "Static",
            "domain_name_label": null,
            "fqdn": null,
            "id": "/subscriptions/e2ec2d4e-c0d0-457b-bfbb-3febb2e40e33/resourceGroups/Sanjay-Demo001-RG/providers/Microsoft.Network/publicIPAddresses/Sanjay-Demo001-Public-ip",
            "idle_timeout_in_minutes": 4,
            "ip_address": "13.71.116.173",
            "ip_tags": null,
            "ip_version": "IPv4",
            "location": "southindia",
            "name": "Sanjay-Demo001-Public-ip",
            "public_ip_prefix_id": null,
            "resource_group_name": "Sanjay-Demo001-RG",
            "reverse_fqdn": null,
            "sku": "Standard",
            "tags": {
              "environment": "Test"
            },
            "timeouts": null,
            "zones": null
          },
          "private": "eyJlMmJmYjczMC1lY2FhLTExZTYtOGY4OC0zNDM2M2JjN2M0YzAiOnsiY3JlYXRlIjoxODAwMDAwMDAwMDAwLCJkZWxldGUiOjE4MDAwMDAwMDAwMDAsInJlYWQiOjMwMDAwMDAwMDAwMCwidXBkYXRlIjoxODAwMDAwMDAwMDAwfX0=",
          "dependencies": [
            "azurerm_resource_group.az_rg"
          ]
        }
      ]
    },
    {
      "mode": "managed",
      "type": "azurerm_resource_group",
      "name": "az_rg",
      "provider": "provider[\"registry.terraform.io/hashicorp/azurerm\"]",
      "instances": [
        {
          "schema_version": 0,
          "attributes": {
            "id": "/subscriptions/e2ec2d4e-c0d0-457b-bfbb-3febb2e40e33/resourceGroups/Sanjay-Demo001-RG",
            "location": "southindia",
            "name": "Sanjay-Demo001-RG",
            "tags": null,
            "timeouts": null
          },
          "private": "eyJlMmJmYjczMC1lY2FhLTExZTYtOGY4OC0zNDM2M2JjN2M0YzAiOnsiY3JlYXRlIjo1NDAwMDAwMDAwMDAwLCJkZWxldGUiOjU0MDAwMDAwMDAwMDAsInJlYWQiOjMwMDAwMDAwMDAwMCwidXBkYXRlIjo1NDAwMDAwMDAwMDAwfX0="
        }
      ]
    },
    {
      "mode": "managed",
      "type": "azurerm_subnet",
      "name": "az_subnet",
      "provider": "provider[\"registry.terraform.io/hashicorp/azurerm\"]",
      "instances": [
        {
          "schema_version": 0,
          "attributes": {
            "address_prefix": "10.0.0.0/24",
            "address_prefixes": [
              "10.0.0.0/24"
            ],
            "delegation": [],
            "enforce_private_link_endpoint_network_policies": false,
            "enforce_private_link_service_network_policies": false,
            "id": "/subscriptions/e2ec2d4e-c0d0-457b-bfbb-3febb2e40e33/resourceGroups/Sanjay-Demo001-RG/providers/Microsoft.Network/virtualNetworks/Sanjay-Demo001-Vnet/subnets/Sanjay-Demo001-Subnet",
            "name": "Sanjay-Demo001-Subnet",
            "resource_group_name": "Sanjay-Demo001-RG",
            "service_endpoint_policy_ids": null,
            "service_endpoints": null,
            "timeouts": null,
            "virtual_network_name": "Sanjay-Demo001-Vnet"
          },
          "private": "eyJlMmJmYjczMC1lY2FhLTExZTYtOGY4OC0zNDM2M2JjN2M0YzAiOnsiY3JlYXRlIjoxODAwMDAwMDAwMDAwLCJkZWxldGUiOjE4MDAwMDAwMDAwMDAsInJlYWQiOjMwMDAwMDAwMDAwMCwidXBkYXRlIjoxODAwMDAwMDAwMDAwfX0=",
          "dependencies": [
            "azurerm_resource_group.az_rg",
            "azurerm_virtual_network.az_vnet"
          ]
        }
      ]
    },
    {
      "mode": "managed",
      "type": "azurerm_virtual_network",
      "name": "az_vnet",
      "provider": "provider[\"registry.terraform.io/hashicorp/azurerm\"]",
      "instances": [
        {
          "schema_version": 0,
          "attributes": {
            "address_space": [
              "10.0.0.0/20"
            ],
            "bgp_community": "",
            "ddos_protection_plan": [],
            "dns_servers": null,
            "guid": "efb973de-3906-4509-93ec-a14e4d0414e8",
            "id": "/subscriptions/e2ec2d4e-c0d0-457b-bfbb-3febb2e40e33/resourceGroups/Sanjay-Demo001-RG/providers/Microsoft.Network/virtualNetworks/Sanjay-Demo001-Vnet",
            "location": "southindia",
            "name": "Sanjay-Demo001-Vnet",
            "resource_group_name": "Sanjay-Demo001-RG",
            "subnet": [],
            "tags": {
              "environment": "Test"
            },
            "timeouts": null,
            "vm_protection_enabled": false
          },
          "private": "eyJlMmJmYjczMC1lY2FhLTExZTYtOGY4OC0zNDM2M2JjN2M0YzAiOnsiY3JlYXRlIjoxODAwMDAwMDAwMDAwLCJkZWxldGUiOjE4MDAwMDAwMDAwMDAsInJlYWQiOjMwMDAwMDAwMDAwMCwidXBkYXRlIjoxODAwMDAwMDAwMDAwfX0=",
          "dependencies": [
            "azurerm_resource_group.az_rg"
          ]
        }
      ]
    }
  ]
}
