{
  "version": 4,
  "terraform_version": "0.13.2",
  "serial": 98,
  "lineage": "9c899b34-5b6d-9d8c-16f0-b6d02196911f",
  "outputs": {},
  "resources": [
    {
      "mode": "managed",
      "type": "azurerm_linux_virtual_machine",
      "name": "az_vm",
      "provider": "provider[\"registry.terraform.io/hashicorp/azurerm\"]",
      "instances": [
        {
          "index_key": 0,
          "schema_version": 0,
          "attributes": {
            "additional_capabilities": [],
            "admin_password": "password!9",
            "admin_ssh_key": [],
            "admin_username": "sanjay",
            "allow_extension_operations": true,
            "availability_set_id": "",
            "boot_diagnostics": [],
            "computer_name": "Sanjay-Computer",
            "custom_data": null,
            "dedicated_host_id": "",
            "disable_password_authentication": false,
            "encryption_at_host_enabled": false,
            "eviction_policy": "",
            "extensions_time_budget": "PT1H30M",
            "id": "/subscriptions/e2ec2d4e-c0d0-457b-bfbb-3febb2e40e33/resourceGroups/Sanjay-Demo001-RG/providers/Microsoft.Compute/virtualMachines/Sanjay-Demo001-Linux-vm-peer-0",
            "identity": [],
            "license_type": "",
            "location": "southindia",
            "max_bid_price": -1,
            "name": "Sanjay-Demo001-Linux-vm-peer-0",
            "network_interface_ids": [
              "/subscriptions/e2ec2d4e-c0d0-457b-bfbb-3febb2e40e33/resourceGroups/Sanjay-Demo001-RG/providers/Microsoft.Network/networkInterfaces/Sanjay-Demo001-Nicpeer-0"
            ],
            "os_disk": [
              {
                "caching": "ReadWrite",
                "diff_disk_settings": [],
                "disk_encryption_set_id": "",
                "disk_size_gb": 30,
                "name": "Sanjay-Demo001-Linux-os-disk-Peer0",
                "storage_account_type": "Standard_LRS",
                "write_accelerator_enabled": false
              }
            ],
            "plan": [],
            "platform_fault_domain": -1,
            "priority": "Regular",
            "private_ip_address": "10.0.0.4",
            "private_ip_addresses": [
              "10.0.0.4"
            ],
            "provision_vm_agent": true,
            "proximity_placement_group_id": "",
            "public_ip_address": "",
            "public_ip_addresses": [],
            "resource_group_name": "Sanjay-Demo001-RG",
            "secret": [],
            "size": "Standard_DS1_v2",
            "source_image_id": "",
            "source_image_reference": [
              {
                "offer": "UbuntuServer",
                "publisher": "Canonical",
                "sku": "18.04-LTS",
                "version": "latest"
              }
            ],
            "tags": null,
            "timeouts": null,
            "virtual_machine_id": "d1262546-1386-4926-b839-61df2b004e78",
            "virtual_machine_scale_set_id": "",
            "zone": ""
          },
          "private": "eyJlMmJmYjczMC1lY2FhLTExZTYtOGY4OC0zNDM2M2JjN2M0YzAiOnsiY3JlYXRlIjoyNzAwMDAwMDAwMDAwLCJkZWxldGUiOjI3MDAwMDAwMDAwMDAsInJlYWQiOjMwMDAwMDAwMDAwMCwidXBkYXRlIjoyNzAwMDAwMDAwMDAwfX0=",
          "dependencies": [
            "azurerm_network_interface.az_nic",
            "azurerm_resource_group.az_rg",
            "azurerm_subnet.az_subnet",
            "azurerm_virtual_network.az_vnet"
          ]
        },
        {
          "index_key": 1,
          "schema_version": 0,
          "attributes": {
            "additional_capabilities": [],
            "admin_password": "password!9",
            "admin_ssh_key": [],
            "admin_username": "sanjay",
            "allow_extension_operations": true,
            "availability_set_id": "",
            "boot_diagnostics": [],
            "computer_name": "Sanjay-Computer",
            "custom_data": null,
            "dedicated_host_id": "",
            "disable_password_authentication": false,
            "encryption_at_host_enabled": false,
            "eviction_policy": "",
            "extensions_time_budget": "PT1H30M",
            "id": "/subscriptions/e2ec2d4e-c0d0-457b-bfbb-3febb2e40e33/resourceGroups/Sanjay-Demo001-RG/providers/Microsoft.Compute/virtualMachines/Sanjay-Demo001-Linux-vm-peer-1",
            "identity": [],
            "license_type": "",
            "location": "southindia",
            "max_bid_price": -1,
            "name": "Sanjay-Demo001-Linux-vm-peer-1",
            "network_interface_ids": [
              "/subscriptions/e2ec2d4e-c0d0-457b-bfbb-3febb2e40e33/resourceGroups/Sanjay-Demo001-RG/providers/Microsoft.Network/networkInterfaces/Sanjay-Demo001-Nicpeer-1"
            ],
            "os_disk": [
              {
                "caching": "ReadWrite",
                "diff_disk_settings": [],
                "disk_encryption_set_id": "",
                "disk_size_gb": 30,
                "name": "Sanjay-Demo001-Linux-os-disk-Peer1",
                "storage_account_type": "Standard_LRS",
                "write_accelerator_enabled": false
              }
            ],
            "plan": [],
            "platform_fault_domain": -1,
            "priority": "Regular",
            "private_ip_address": "10.1.0.4",
            "private_ip_addresses": [
              "10.1.0.4"
            ],
            "provision_vm_agent": true,
            "proximity_placement_group_id": "",
            "public_ip_address": "",
            "public_ip_addresses": [],
            "resource_group_name": "Sanjay-Demo001-RG",
            "secret": [],
            "size": "Standard_DS1_v2",
            "source_image_id": "",
            "source_image_reference": [
              {
                "offer": "UbuntuServer",
                "publisher": "Canonical",
                "sku": "18.04-LTS",
                "version": "latest"
              }
            ],
            "tags": null,
            "timeouts": null,
            "virtual_machine_id": "830ee866-6be3-4f5a-ace6-0792d881cad3",
            "virtual_machine_scale_set_id": "",
            "zone": ""
          },
          "private": "eyJlMmJmYjczMC1lY2FhLTExZTYtOGY4OC0zNDM2M2JjN2M0YzAiOnsiY3JlYXRlIjoyNzAwMDAwMDAwMDAwLCJkZWxldGUiOjI3MDAwMDAwMDAwMDAsInJlYWQiOjMwMDAwMDAwMDAwMCwidXBkYXRlIjoyNzAwMDAwMDAwMDAwfX0=",
          "dependencies": [
            "azurerm_network_interface.az_nic",
            "azurerm_resource_group.az_rg",
            "azurerm_subnet.az_subnet",
            "azurerm_virtual_network.az_vnet"
          ]
        }
      ]
    },
    {
      "mode": "managed",
      "type": "azurerm_network_interface",
      "name": "az_nic",
      "provider": "provider[\"registry.terraform.io/hashicorp/azurerm\"]",
      "instances": [
        {
          "index_key": 0,
          "schema_version": 0,
          "attributes": {
            "applied_dns_servers": [],
            "dns_servers": [],
            "enable_accelerated_networking": false,
            "enable_ip_forwarding": false,
            "id": "/subscriptions/e2ec2d4e-c0d0-457b-bfbb-3febb2e40e33/resourceGroups/Sanjay-Demo001-RG/providers/Microsoft.Network/networkInterfaces/Sanjay-Demo001-Nicpeer-0",
            "internal_dns_name_label": "",
            "internal_domain_name_suffix": "1ftkcyz2rw4evjvtmmgsmzuspa.tx.internal.cloudapp.net",
            "ip_configuration": [
              {
                "name": "Sanjay-Demo001-Ip-configpeer",
                "primary": true,
                "private_ip_address": "10.0.0.4",
                "private_ip_address_allocation": "Dynamic",
                "private_ip_address_version": "IPv4",
                "public_ip_address_id": "",
                "subnet_id": "/subscriptions/e2ec2d4e-c0d0-457b-bfbb-3febb2e40e33/resourceGroups/Sanjay-Demo001-RG/providers/Microsoft.Network/virtualNetworks/Sanjay-Demo001-Vnetpeer-0/subnets/Sanjay-Demo001-Subnetpeer-0"
              }
            ],
            "location": "southindia",
            "mac_address": "",
            "name": "Sanjay-Demo001-Nicpeer-0",
            "private_ip_address": "10.0.0.4",
            "private_ip_addresses": [
              "10.0.0.4"
            ],
            "resource_group_name": "Sanjay-Demo001-RG",
            "tags": {
              "environment": "Test"
            },
            "timeouts": null,
            "virtual_machine_id": ""
          },
          "private": "eyJlMmJmYjczMC1lY2FhLTExZTYtOGY4OC0zNDM2M2JjN2M0YzAiOnsiY3JlYXRlIjoxODAwMDAwMDAwMDAwLCJkZWxldGUiOjE4MDAwMDAwMDAwMDAsInJlYWQiOjMwMDAwMDAwMDAwMCwidXBkYXRlIjoxODAwMDAwMDAwMDAwfX0=",
          "dependencies": [
            "azurerm_resource_group.az_rg",
            "azurerm_subnet.az_subnet",
            "azurerm_virtual_network.az_vnet"
          ]
        },
        {
          "index_key": 1,
          "schema_version": 0,
          "attributes": {
            "applied_dns_servers": [],
            "dns_servers": [],
            "enable_accelerated_networking": false,
            "enable_ip_forwarding": false,
            "id": "/subscriptions/e2ec2d4e-c0d0-457b-bfbb-3febb2e40e33/resourceGroups/Sanjay-Demo001-RG/providers/Microsoft.Network/networkInterfaces/Sanjay-Demo001-Nicpeer-1",
            "internal_dns_name_label": "",
            "internal_domain_name_suffix": "uooch4tt5fmu5mec1cqumkezph.tx.internal.cloudapp.net",
            "ip_configuration": [
              {
                "name": "Sanjay-Demo001-Ip-configpeer",
                "primary": true,
                "private_ip_address": "10.1.0.4",
                "private_ip_address_allocation": "Dynamic",
                "private_ip_address_version": "IPv4",
                "public_ip_address_id": "",
                "subnet_id": "/subscriptions/e2ec2d4e-c0d0-457b-bfbb-3febb2e40e33/resourceGroups/Sanjay-Demo001-RG/providers/Microsoft.Network/virtualNetworks/Sanjay-Demo001-Vnetpeer-1/subnets/Sanjay-Demo001-Subnetpeer-1"
              }
            ],
            "location": "southindia",
            "mac_address": "",
            "name": "Sanjay-Demo001-Nicpeer-1",
            "private_ip_address": "10.1.0.4",
            "private_ip_addresses": [
              "10.1.0.4"
            ],
            "resource_group_name": "Sanjay-Demo001-RG",
            "tags": {
              "environment": "Test"
            },
            "timeouts": null,
            "virtual_machine_id": ""
          },
          "private": "eyJlMmJmYjczMC1lY2FhLTExZTYtOGY4OC0zNDM2M2JjN2M0YzAiOnsiY3JlYXRlIjoxODAwMDAwMDAwMDAwLCJkZWxldGUiOjE4MDAwMDAwMDAwMDAsInJlYWQiOjMwMDAwMDAwMDAwMCwidXBkYXRlIjoxODAwMDAwMDAwMDAwfX0=",
          "dependencies": [
            "azurerm_resource_group.az_rg",
            "azurerm_subnet.az_subnet",
            "azurerm_virtual_network.az_vnet"
          ]
        }
      ]
    },
    {
      "mode": "managed",
      "type": "azurerm_network_interface_security_group_association",
      "name": "az_association",
      "provider": "provider[\"registry.terraform.io/hashicorp/azurerm\"]",
      "instances": [
        {
          "index_key": 0,
          "schema_version": 0,
          "attributes": {
            "id": "/subscriptions/e2ec2d4e-c0d0-457b-bfbb-3febb2e40e33/resourceGroups/Sanjay-Demo001-RG/providers/Microsoft.Network/networkInterfaces/Sanjay-Demo001-Nicpeer-0|/subscriptions/e2ec2d4e-c0d0-457b-bfbb-3febb2e40e33/resourceGroups/Sanjay-Demo001-RG/providers/Microsoft.Network/networkSecurityGroups/Sanjay-Demo001-Nsgpeer",
            "network_interface_id": "/subscriptions/e2ec2d4e-c0d0-457b-bfbb-3febb2e40e33/resourceGroups/Sanjay-Demo001-RG/providers/Microsoft.Network/networkInterfaces/Sanjay-Demo001-Nicpeer-0",
            "network_security_group_id": "/subscriptions/e2ec2d4e-c0d0-457b-bfbb-3febb2e40e33/resourceGroups/Sanjay-Demo001-RG/providers/Microsoft.Network/networkSecurityGroups/Sanjay-Demo001-Nsgpeer",
            "timeouts": null
          },
          "private": "eyJlMmJmYjczMC1lY2FhLTExZTYtOGY4OC0zNDM2M2JjN2M0YzAiOnsiY3JlYXRlIjoxODAwMDAwMDAwMDAwLCJkZWxldGUiOjE4MDAwMDAwMDAwMDAsInJlYWQiOjMwMDAwMDAwMDAwMCwidXBkYXRlIjoxODAwMDAwMDAwMDAwfX0=",
          "dependencies": [
            "azurerm_network_interface.az_nic",
            "azurerm_network_security_group.az_nsg",
            "azurerm_resource_group.az_rg",
            "azurerm_subnet.az_subnet",
            "azurerm_virtual_network.az_vnet"
          ]
        },
        {
          "index_key": 1,
          "schema_version": 0,
          "attributes": {
            "id": "/subscriptions/e2ec2d4e-c0d0-457b-bfbb-3febb2e40e33/resourceGroups/Sanjay-Demo001-RG/providers/Microsoft.Network/networkInterfaces/Sanjay-Demo001-Nicpeer-1|/subscriptions/e2ec2d4e-c0d0-457b-bfbb-3febb2e40e33/resourceGroups/Sanjay-Demo001-RG/providers/Microsoft.Network/networkSecurityGroups/Sanjay-Demo001-Nsgpeer",
            "network_interface_id": "/subscriptions/e2ec2d4e-c0d0-457b-bfbb-3febb2e40e33/resourceGroups/Sanjay-Demo001-RG/providers/Microsoft.Network/networkInterfaces/Sanjay-Demo001-Nicpeer-1",
            "network_security_group_id": "/subscriptions/e2ec2d4e-c0d0-457b-bfbb-3febb2e40e33/resourceGroups/Sanjay-Demo001-RG/providers/Microsoft.Network/networkSecurityGroups/Sanjay-Demo001-Nsgpeer",
            "timeouts": null
          },
          "private": "eyJlMmJmYjczMC1lY2FhLTExZTYtOGY4OC0zNDM2M2JjN2M0YzAiOnsiY3JlYXRlIjoxODAwMDAwMDAwMDAwLCJkZWxldGUiOjE4MDAwMDAwMDAwMDAsInJlYWQiOjMwMDAwMDAwMDAwMCwidXBkYXRlIjoxODAwMDAwMDAwMDAwfX0=",
          "dependencies": [
            "azurerm_network_interface.az_nic",
            "azurerm_network_security_group.az_nsg",
            "azurerm_resource_group.az_rg",
            "azurerm_subnet.az_subnet",
            "azurerm_virtual_network.az_vnet"
          ]
        }
      ]
    },
    {
      "mode": "managed",
      "type": "azurerm_network_security_group",
      "name": "az_nsg",
      "provider": "provider[\"registry.terraform.io/hashicorp/azurerm\"]",
      "instances": [
        {
          "schema_version": 0,
          "attributes": {
            "id": "/subscriptions/e2ec2d4e-c0d0-457b-bfbb-3febb2e40e33/resourceGroups/Sanjay-Demo001-RG/providers/Microsoft.Network/networkSecurityGroups/Sanjay-Demo001-Nsgpeer",
            "location": "southindia",
            "name": "Sanjay-Demo001-Nsgpeer",
            "resource_group_name": "Sanjay-Demo001-RG",
            "security_rule": [
              {
                "access": "Allow",
                "description": "",
                "destination_address_prefix": "*",
                "destination_address_prefixes": [],
                "destination_application_security_group_ids": [],
                "destination_port_range": "*",
                "destination_port_ranges": [],
                "direction": "Inbound",
                "name": "For_ICMP",
                "priority": 110,
                "protocol": "ICMP",
                "source_address_prefix": "*",
                "source_address_prefixes": [],
                "source_application_security_group_ids": [],
                "source_port_range": "*",
                "source_port_ranges": []
              },
              {
                "access": "Allow",
                "description": "",
                "destination_address_prefix": "*",
                "destination_address_prefixes": [],
                "destination_application_security_group_ids": [],
                "destination_port_range": "22",
                "destination_port_ranges": [],
                "direction": "Inbound",
                "name": "For_SSH",
                "priority": 100,
                "protocol": "TCP",
                "source_address_prefix": "*",
                "source_address_prefixes": [],
                "source_application_security_group_ids": [],
                "source_port_range": "*",
                "source_port_ranges": []
              }
            ],
            "tags": null,
            "timeouts": null
          },
          "private": "eyJlMmJmYjczMC1lY2FhLTExZTYtOGY4OC0zNDM2M2JjN2M0YzAiOnsiY3JlYXRlIjoxODAwMDAwMDAwMDAwLCJkZWxldGUiOjE4MDAwMDAwMDAwMDAsInJlYWQiOjMwMDAwMDAwMDAwMCwidXBkYXRlIjoxODAwMDAwMDAwMDAwfX0=",
          "dependencies": [
            "azurerm_resource_group.az_rg"
          ]
        }
      ]
    },
    {
      "mode": "managed",
      "type": "azurerm_resource_group",
      "name": "az_rg",
      "provider": "provider[\"registry.terraform.io/hashicorp/azurerm\"]",
      "instances": [
        {
          "schema_version": 0,
          "attributes": {
            "id": "/subscriptions/e2ec2d4e-c0d0-457b-bfbb-3febb2e40e33/resourceGroups/Sanjay-Demo001-RG",
            "location": "southindia",
            "name": "Sanjay-Demo001-RG",
            "tags": null,
            "timeouts": null
          },
          "private": "eyJlMmJmYjczMC1lY2FhLTExZTYtOGY4OC0zNDM2M2JjN2M0YzAiOnsiY3JlYXRlIjo1NDAwMDAwMDAwMDAwLCJkZWxldGUiOjU0MDAwMDAwMDAwMDAsInJlYWQiOjMwMDAwMDAwMDAwMCwidXBkYXRlIjo1NDAwMDAwMDAwMDAwfX0="
        }
      ]
    },
    {
      "mode": "managed",
      "type": "azurerm_subnet",
      "name": "az_subnet",
      "provider": "provider[\"registry.terraform.io/hashicorp/azurerm\"]",
      "instances": [
        {
          "index_key": 0,
          "schema_version": 0,
          "attributes": {
            "address_prefix": "10.0.0.0/24",
            "address_prefixes": [
              "10.0.0.0/24"
            ],
            "delegation": [],
            "enforce_private_link_endpoint_network_policies": false,
            "enforce_private_link_service_network_policies": false,
            "id": "/subscriptions/e2ec2d4e-c0d0-457b-bfbb-3febb2e40e33/resourceGroups/Sanjay-Demo001-RG/providers/Microsoft.Network/virtualNetworks/Sanjay-Demo001-Vnetpeer-0/subnets/Sanjay-Demo001-Subnetpeer-0",
            "name": "Sanjay-Demo001-Subnetpeer-0",
            "resource_group_name": "Sanjay-Demo001-RG",
            "service_endpoint_policy_ids": null,
            "service_endpoints": null,
            "timeouts": null,
            "virtual_network_name": "Sanjay-Demo001-Vnetpeer-0"
          },
          "private": "eyJlMmJmYjczMC1lY2FhLTExZTYtOGY4OC0zNDM2M2JjN2M0YzAiOnsiY3JlYXRlIjoxODAwMDAwMDAwMDAwLCJkZWxldGUiOjE4MDAwMDAwMDAwMDAsInJlYWQiOjMwMDAwMDAwMDAwMCwidXBkYXRlIjoxODAwMDAwMDAwMDAwfX0=",
          "dependencies": [
            "azurerm_resource_group.az_rg",
            "azurerm_virtual_network.az_vnet"
          ]
        },
        {
          "index_key": 1,
          "schema_version": 0,
          "attributes": {
            "address_prefix": "10.1.0.0/24",
            "address_prefixes": [
              "10.1.0.0/24"
            ],
            "delegation": [],
            "enforce_private_link_endpoint_network_policies": false,
            "enforce_private_link_service_network_policies": false,
            "id": "/subscriptions/e2ec2d4e-c0d0-457b-bfbb-3febb2e40e33/resourceGroups/Sanjay-Demo001-RG/providers/Microsoft.Network/virtualNetworks/Sanjay-Demo001-Vnetpeer-1/subnets/Sanjay-Demo001-Subnetpeer-1",
            "name": "Sanjay-Demo001-Subnetpeer-1",
            "resource_group_name": "Sanjay-Demo001-RG",
            "service_endpoint_policy_ids": null,
            "service_endpoints": null,
            "timeouts": null,
            "virtual_network_name": "Sanjay-Demo001-Vnetpeer-1"
          },
          "private": "eyJlMmJmYjczMC1lY2FhLTExZTYtOGY4OC0zNDM2M2JjN2M0YzAiOnsiY3JlYXRlIjoxODAwMDAwMDAwMDAwLCJkZWxldGUiOjE4MDAwMDAwMDAwMDAsInJlYWQiOjMwMDAwMDAwMDAwMCwidXBkYXRlIjoxODAwMDAwMDAwMDAwfX0=",
          "dependencies": [
            "azurerm_resource_group.az_rg",
            "azurerm_virtual_network.az_vnet"
          ]
        }
      ]
    },
    {
      "mode": "managed",
      "type": "azurerm_virtual_network",
      "name": "az_vnet",
      "provider": "provider[\"registry.terraform.io/hashicorp/azurerm\"]",
      "instances": [
        {
          "index_key": 0,
          "schema_version": 0,
          "attributes": {
            "address_space": [
              "10.0.0.0/20"
            ],
            "bgp_community": "",
            "ddos_protection_plan": [],
            "dns_servers": null,
            "guid": "63a166d9-8d3c-4abc-a6b3-630d26669278",
            "id": "/subscriptions/e2ec2d4e-c0d0-457b-bfbb-3febb2e40e33/resourceGroups/Sanjay-Demo001-RG/providers/Microsoft.Network/virtualNetworks/Sanjay-Demo001-Vnetpeer-0",
            "location": "southindia",
            "name": "Sanjay-Demo001-Vnetpeer-0",
            "resource_group_name": "Sanjay-Demo001-RG",
            "subnet": [],
            "tags": {
              "environment": "Test-0"
            },
            "timeouts": null,
            "vm_protection_enabled": false
          },
          "private": "eyJlMmJmYjczMC1lY2FhLTExZTYtOGY4OC0zNDM2M2JjN2M0YzAiOnsiY3JlYXRlIjoxODAwMDAwMDAwMDAwLCJkZWxldGUiOjE4MDAwMDAwMDAwMDAsInJlYWQiOjMwMDAwMDAwMDAwMCwidXBkYXRlIjoxODAwMDAwMDAwMDAwfX0=",
          "dependencies": [
            "azurerm_resource_group.az_rg"
          ]
        },
        {
          "index_key": 1,
          "schema_version": 0,
          "attributes": {
            "address_space": [
              "10.1.0.0/20"
            ],
            "bgp_community": "",
            "ddos_protection_plan": [],
            "dns_servers": null,
            "guid": "fa239ca3-f973-4f59-b082-d8a14628997f",
            "id": "/subscriptions/e2ec2d4e-c0d0-457b-bfbb-3febb2e40e33/resourceGroups/Sanjay-Demo001-RG/providers/Microsoft.Network/virtualNetworks/Sanjay-Demo001-Vnetpeer-1",
            "location": "southindia",
            "name": "Sanjay-Demo001-Vnetpeer-1",
            "resource_group_name": "Sanjay-Demo001-RG",
            "subnet": [],
            "tags": {
              "environment": "Test-1"
            },
            "timeouts": null,
            "vm_protection_enabled": false
          },
          "private": "eyJlMmJmYjczMC1lY2FhLTExZTYtOGY4OC0zNDM2M2JjN2M0YzAiOnsiY3JlYXRlIjoxODAwMDAwMDAwMDAwLCJkZWxldGUiOjE4MDAwMDAwMDAwMDAsInJlYWQiOjMwMDAwMDAwMDAwMCwidXBkYXRlIjoxODAwMDAwMDAwMDAwfX0=",
          "dependencies": [
            "azurerm_resource_group.az_rg"
          ]
        }
      ]
    },
    {
      "mode": "managed",
      "type": "azurerm_virtual_network_peering",
      "name": "peering-1",
      "provider": "provider[\"registry.terraform.io/hashicorp/azurerm\"]",
      "instances": [
        {
          "schema_version": 0,
          "attributes": {
            "allow_forwarded_traffic": false,
            "allow_gateway_transit": false,
            "allow_virtual_network_access": true,
            "id": "/subscriptions/e2ec2d4e-c0d0-457b-bfbb-3febb2e40e33/resourceGroups/Sanjay-Demo001-RG/providers/Microsoft.Network/virtualNetworks/Sanjay-Demo001-Vnetpeer-0/virtualNetworkPeerings/peer-A-B",
            "name": "peer-A-B",
            "remote_virtual_network_id": "/subscriptions/e2ec2d4e-c0d0-457b-bfbb-3febb2e40e33/resourceGroups/Sanjay-Demo001-RG/providers/Microsoft.Network/virtualNetworks/Sanjay-Demo001-Vnetpeer-1",
            "resource_group_name": "Sanjay-Demo001-RG",
            "timeouts": null,
            "use_remote_gateways": false,
            "virtual_network_name": "Sanjay-Demo001-Vnetpeer-0"
          },
          "private": "eyJlMmJmYjczMC1lY2FhLTExZTYtOGY4OC0zNDM2M2JjN2M0YzAiOnsiY3JlYXRlIjoxODAwMDAwMDAwMDAwLCJkZWxldGUiOjE4MDAwMDAwMDAwMDAsInJlYWQiOjMwMDAwMDAwMDAwMCwidXBkYXRlIjoxODAwMDAwMDAwMDAwfX0=",
          "dependencies": [
            "azurerm_resource_group.az_rg",
            "azurerm_virtual_network.az_vnet"
          ]
        }
      ]
    },
    {
      "mode": "managed",
      "type": "azurerm_virtual_network_peering",
      "name": "peering-2",
      "provider": "provider[\"registry.terraform.io/hashicorp/azurerm\"]",
      "instances": [
        {
          "schema_version": 0,
          "attributes": {
            "allow_forwarded_traffic": false,
            "allow_gateway_transit": false,
            "allow_virtual_network_access": true,
            "id": "/subscriptions/e2ec2d4e-c0d0-457b-bfbb-3febb2e40e33/resourceGroups/Sanjay-Demo001-RG/providers/Microsoft.Network/virtualNetworks/Sanjay-Demo001-Vnetpeer-1/virtualNetworkPeerings/peer-B-A",
            "name": "peer-B-A",
            "remote_virtual_network_id": "/subscriptions/e2ec2d4e-c0d0-457b-bfbb-3febb2e40e33/resourceGroups/Sanjay-Demo001-RG/providers/Microsoft.Network/virtualNetworks/Sanjay-Demo001-Vnetpeer-0",
            "resource_group_name": "Sanjay-Demo001-RG",
            "timeouts": null,
            "use_remote_gateways": false,
            "virtual_network_name": "Sanjay-Demo001-Vnetpeer-1"
          },
          "private": "eyJlMmJmYjczMC1lY2FhLTExZTYtOGY4OC0zNDM2M2JjN2M0YzAiOnsiY3JlYXRlIjoxODAwMDAwMDAwMDAwLCJkZWxldGUiOjE4MDAwMDAwMDAwMDAsInJlYWQiOjMwMDAwMDAwMDAwMCwidXBkYXRlIjoxODAwMDAwMDAwMDAwfX0=",
          "dependencies": [
            "azurerm_resource_group.az_rg",
            "azurerm_virtual_network.az_vnet"
          ]
        }
      ]
    }
  ]
}
